{
  "pins" : [
    {
      "identity" : "fakery",
      "kind" : "remoteSourceControl",
      "location" : "https://github.com/vadymmarkov/Fakery.git",
      "state" : {
        "revision" : "71cb3bf36a808534659d1248780c2bf3c4c4fc91",
        "version" : "5.1.0"
      }
    },
    {
      "identity" : "ohhttpstubs",
      "kind" : "remoteSourceControl",
      "location" : "https://github.com/AliSoftware/OHHTTPStubs",
      "state" : {
        "revision" : "12f19662426d0434d6c330c6974d53e2eb10ecd9",
        "version" : "9.1.0"
      }
    }
  ],
  "version" : 2
}
